
Microsoft Visual Studio Solution File, Format Version 12.00
# Visual Studio 15
Project("{FAE04EC0-301F-11D3-BF4B-00C04F79EFBC}") = "Assembly-CSharp", "Assembly-CSharp.csproj", "{747D267F-13E1-A726-0894-8EE7AA09D700}"
EndProject
Project("{FAE04EC0-301F-11D3-BF4B-00C04F79EFBC}") = "Assembly-CSharp-Editor", "Assembly-CSharp-Editor.csproj", "{F9E1F0D3-D8F4-AB75-B366-A19179AC0B27}"
EndProject
Global
	GlobalSection(SolutionConfigurationPlatforms) = preSolution
		Debug|Any CPU = Debug|Any CPU
		Release|Any CPU = Release|Any CPU
	EndGlobalSection
	GlobalSection(ProjectConfigurationPlatforms) = postSolution
		{747D267F-13E1-A726-0894-8EE7AA09D700}.Debug|Any CPU.ActiveCfg = Debug|Any CPU
		{747D267F-13E1-A726-0894-8EE7AA09D700}.Debug|Any CPU.Build.0 = Debug|Any CPU
		{747D267F-13E1-A726-0894-8EE7AA09D700}.Release|Any CPU.ActiveCfg = Release|Any CPU
		{747D267F-13E1-A726-0894-8EE7AA09D700}.Release|Any CPU.Build.0 = Release|Any CPU
		{F9E1F0D3-D8F4-AB75-B366-A19179AC0B27}.Debug|Any CPU.ActiveCfg = Debug|Any CPU
		{F9E1F0D3-D8F4-AB75-B366-A19179AC0B27}.Debug|Any CPU.Build.0 = Debug|Any CPU
		{F9E1F0D3-D8F4-AB75-B366-A19179AC0B27}.Release|Any CPU.ActiveCfg = Release|Any CPU
		{F9E1F0D3-D8F4-AB75-B366-A19179AC0B27}.Release|Any CPU.Build.0 = Release|Any CPU
	EndGlobalSection
	GlobalSection(SolutionProperties) = preSolution
		HideSolutionNode = FALSE
	EndGlobalSection
EndGlobal
